
Microsoft Visual Studio Solution File, Format Version 12.00
# Visual Studio Version 17
VisualStudioVersion = 17.14.36401.2 d17.14
MinimumVisualStudioVersion = 10.0.40219.1
Project("{FAE04EC0-301F-11D3-BF4B-00C04F79EFBC}") = "JWTTraining", "JWTTraining\JWTTraining.csproj", "{073EA5F2-09C0-47DE-8F0F-6E397947010F}"
EndProject
Global
	GlobalSection(SolutionConfigurationPlatforms) = preSolution
		Debug|Any CPU = Debug|Any CPU
		Release|Any CPU = Release|Any CPU
	EndGlobalSection
	GlobalSection(ProjectConfigurationPlatforms) = postSolution
		{073EA5F2-09C0-47DE-8F0F-6E397947010F}.Debug|Any CPU.ActiveCfg = Debug|Any CPU
		{073EA5F2-09C0-47DE-8F0F-6E397947010F}.Debug|Any CPU.Build.0 = Debug|Any CPU
		{073EA5F2-09C0-47DE-8F0F-6E397947010F}.Release|Any CPU.ActiveCfg = Release|Any CPU
		{073EA5F2-09C0-47DE-8F0F-6E397947010F}.Release|Any CPU.Build.0 = Release|Any CPU
	EndGlobalSection
	GlobalSection(SolutionProperties) = preSolution
		HideSolutionNode = FALSE
	EndGlobalSection
	GlobalSection(ExtensibilityGlobals) = postSolution
		SolutionGuid = {2D970B5E-22F7-4FF1-9120-10AB1AA7D6A6}
	EndGlobalSection
EndGlobal
